
Microsoft Visual Studio Solution File, Format Version 12.00
# Visual Studio Version 17
VisualStudioVersion = 17.13.35931.197 d17.13
MinimumVisualStudioVersion = 10.0.40219.1
Project("{FAE04EC0-301F-11D3-BF4B-00C04F79EFBC}") = "MindNose.Front", "MindNose.Front\MindNose.Front.csproj", "{5FD6A4DA-FF79-40B9-A1BC-6DF608B87245}"
EndProject
Global
	GlobalSection(SolutionConfigurationPlatforms) = preSolution
		Debug|Any CPU = Debug|Any CPU
		Release|Any CPU = Release|Any CPU
	EndGlobalSection
	GlobalSection(ProjectConfigurationPlatforms) = postSolution
		{5FD6A4DA-FF79-40B9-A1BC-6DF608B87245}.Debug|Any CPU.ActiveCfg = Debug|Any CPU
		{5FD6A4DA-FF79-40B9-A1BC-6DF608B87245}.Debug|Any CPU.Build.0 = Debug|Any CPU
		{5FD6A4DA-FF79-40B9-A1BC-6DF608B87245}.Release|Any CPU.ActiveCfg = Release|Any CPU
		{5FD6A4DA-FF79-40B9-A1BC-6DF608B87245}.Release|Any CPU.Build.0 = Release|Any CPU
	EndGlobalSection
	GlobalSection(SolutionProperties) = preSolution
		HideSolutionNode = FALSE
	EndGlobalSection
	GlobalSection(ExtensibilityGlobals) = postSolution
		SolutionGuid = {06D495D5-FFC8-4B77-8CD8-D714764A3B68}
	EndGlobalSection
EndGlobal
